
Microsoft Visual Studio Solution File, Format Version 12.00
# Visual Studio Version 16
VisualStudioVersion = 16.0.30907.101
MinimumVisualStudioVersion = 10.0.40219.1
Project("{FAE04EC0-301F-11D3-BF4B-00C04F79EFBC}") = "AmongUsModUpdater", "AmongUsModUpdater.csproj", "{52394636-D5FB-474F-B5F1-424BEB4306A5}"
EndProject
Global
	GlobalSection(SolutionConfigurationPlatforms) = preSolution
		Debug|Any CPU = Debug|Any CPU
		Release|Any CPU = Release|Any CPU
	EndGlobalSection
	GlobalSection(ProjectConfigurationPlatforms) = postSolution
		{52394636-D5FB-474F-B5F1-424BEB4306A5}.Debug|Any CPU.ActiveCfg = Debug|Any CPU
		{52394636-D5FB-474F-B5F1-424BEB4306A5}.Debug|Any CPU.Build.0 = Debug|Any CPU
		{52394636-D5FB-474F-B5F1-424BEB4306A5}.Release|Any CPU.ActiveCfg = Release|Any CPU
		{52394636-D5FB-474F-B5F1-424BEB4306A5}.Release|Any CPU.Build.0 = Release|Any CPU
	EndGlobalSection
	GlobalSection(SolutionProperties) = preSolution
		HideSolutionNode = FALSE
	EndGlobalSection
	GlobalSection(ExtensibilityGlobals) = postSolution
		SolutionGuid = {C8E920ED-5A22-452D-B1C1-58FA131B10EB}
	EndGlobalSection
EndGlobal
